{
  "version": 4,
  "terraform_version": "1.14.6",
  "serial": 7,
  "lineage": "a02a006c-a57d-2ac5-21bb-dbaf192405de",
  "outputs": {
    "external_ip": {
      "value": "35.219.24.139",
      "type": "string"
    },
    "internal_ip": {
      "value": "10.0.0.9",
      "type": "string"
    },
    "ssh_command": {
      "value": "ssh ubuntu@35.219.24.139",
      "type": "string"
    },
    "vm_name": {
      "value": "ubuntu-vm",
      "type": "string"
    },
    "zone": {
      "value": "asia-southeast2-a",
      "type": "string"
    }
  },
  "resources": [
    {
      "mode": "data",
      "type": "google_compute_image",
      "name": "ubuntu",
      "provider": "provider[\"registry.terraform.io/hashicorp/google\"]",
      "instances": [
        {
          "schema_version": 0,
          "attributes": {
            "archive_size_bytes": 3923525760,
            "creation_timestamp": "2026-02-26T16:02:16.353-08:00",
            "description": "Canonical, Ubuntu, 22.04 LTS, amd64 jammy image built on 2026-02-26",
            "disk_size_gb": 10,
            "family": "ubuntu-2204-lts",
            "filter": null,
            "id": "projects/ubuntu-os-cloud/global/images/ubuntu-2204-jammy-v20260226",
            "image_encryption_key_sha256": "",
            "image_id": "3782398424428405223",
            "label_fingerprint": "iNBmVNCFF9w=",
            "labels": {
              "public-image": "true"
            },
            "licenses": [
              "https://www.googleapis.com/compute/v1/projects/ubuntu-os-cloud/global/licenses/ubuntu-2204-lts"
            ],
            "most_recent": false,
            "name": "ubuntu-2204-jammy-v20260226",
            "project": "ubuntu-os-cloud",
            "self_link": "https://www.googleapis.com/compute/v1/projects/ubuntu-os-cloud/global/images/ubuntu-2204-jammy-v20260226",
            "source_disk": "",
            "source_disk_encryption_key_sha256": "",
            "source_disk_id": "",
            "source_image_id": "",
            "status": "READY"
          },
          "sensitive_attributes": [],
          "identity_schema_version": 0
        }
      ]
    },
    {
      "mode": "managed",
      "type": "google_compute_firewall",
      "name": "allow_app_ports",
      "provider": "provider[\"registry.terraform.io/hashicorp/google\"]",
      "instances": [
        {
          "schema_version": 1,
          "attributes": {
            "allow": [
              {
                "ports": [
                  "3000-4000"
                ],
                "protocol": "tcp"
              }
            ],
            "creation_timestamp": "2026-03-13T12:06:18.838-07:00",
            "deny": [],
            "description": "Allow TCP 3000-4000 for dev/app servers on ubuntu-vm",
            "destination_ranges": [],
            "direction": "INGRESS",
            "disabled": false,
            "enable_logging": null,
            "id": "projects/project-065701e7-213d-458b-a83/global/firewalls/ubuntu-vm-allow-app-ports",
            "log_config": [],
            "name": "ubuntu-vm-allow-app-ports",
            "network": "https://www.googleapis.com/compute/v1/projects/project-065701e7-213d-458b-a83/global/networks/gke-vpc",
            "priority": 1000,
            "project": "project-065701e7-213d-458b-a83",
            "self_link": "https://www.googleapis.com/compute/v1/projects/project-065701e7-213d-458b-a83/global/firewalls/ubuntu-vm-allow-app-ports",
            "source_ranges": [
              "0.0.0.0/0"
            ],
            "source_service_accounts": [],
            "source_tags": [],
            "target_service_accounts": [],
            "target_tags": [
              "ssh-access"
            ],
            "timeouts": null
          },
          "sensitive_attributes": [],
          "identity_schema_version": 0,
          "private": "eyJlMmJmYjczMC1lY2FhLTExZTYtOGY4OC0zNDM2M2JjN2M0YzAiOnsiY3JlYXRlIjoxMjAwMDAwMDAwMDAwLCJkZWxldGUiOjEyMDAwMDAwMDAwMDAsInVwZGF0ZSI6MTIwMDAwMDAwMDAwMH0sInNjaGVtYV92ZXJzaW9uIjoiMSJ9"
        }
      ]
    },
    {
      "mode": "managed",
      "type": "google_compute_firewall",
      "name": "allow_icmp",
      "provider": "provider[\"registry.terraform.io/hashicorp/google\"]",
      "instances": [
        {
          "schema_version": 1,
          "attributes": {
            "allow": [
              {
                "ports": [],
                "protocol": "icmp"
              }
            ],
            "creation_timestamp": "2026-03-13T11:53:25.730-07:00",
            "deny": [],
            "description": "Allow ICMP ping to ubuntu-vm",
            "destination_ranges": [],
            "direction": "INGRESS",
            "disabled": false,
            "enable_logging": null,
            "id": "projects/project-065701e7-213d-458b-a83/global/firewalls/ubuntu-vm-allow-icmp",
            "log_config": [],
            "name": "ubuntu-vm-allow-icmp",
            "network": "https://www.googleapis.com/compute/v1/projects/project-065701e7-213d-458b-a83/global/networks/gke-vpc",
            "priority": 1000,
            "project": "project-065701e7-213d-458b-a83",
            "self_link": "https://www.googleapis.com/compute/v1/projects/project-065701e7-213d-458b-a83/global/firewalls/ubuntu-vm-allow-icmp",
            "source_ranges": [
              "0.0.0.0/0"
            ],
            "source_service_accounts": [],
            "source_tags": [],
            "target_service_accounts": [],
            "target_tags": [
              "ssh-access"
            ],
            "timeouts": null
          },
          "sensitive_attributes": [],
          "identity_schema_version": 0,
          "private": "eyJlMmJmYjczMC1lY2FhLTExZTYtOGY4OC0zNDM2M2JjN2M0YzAiOnsiY3JlYXRlIjoxMjAwMDAwMDAwMDAwLCJkZWxldGUiOjEyMDAwMDAwMDAwMDAsInVwZGF0ZSI6MTIwMDAwMDAwMDAwMH0sInNjaGVtYV92ZXJzaW9uIjoiMSJ9"
        }
      ]
    },
    {
      "mode": "managed",
      "type": "google_compute_firewall",
      "name": "allow_ssh",
      "provider": "provider[\"registry.terraform.io/hashicorp/google\"]",
      "instances": [
        {
          "schema_version": 1,
          "attributes": {
            "allow": [
              {
                "ports": [
                  "22"
                ],
                "protocol": "tcp"
              }
            ],
            "creation_timestamp": "2026-03-13T11:53:25.814-07:00",
            "deny": [],
            "description": "Allow SSH access to ubuntu-vm",
            "destination_ranges": [],
            "direction": "INGRESS",
            "disabled": false,
            "enable_logging": null,
            "id": "projects/project-065701e7-213d-458b-a83/global/firewalls/ubuntu-vm-allow-ssh",
            "log_config": [],
            "name": "ubuntu-vm-allow-ssh",
            "network": "https://www.googleapis.com/compute/v1/projects/project-065701e7-213d-458b-a83/global/networks/gke-vpc",
            "priority": 1000,
            "project": "project-065701e7-213d-458b-a83",
            "self_link": "https://www.googleapis.com/compute/v1/projects/project-065701e7-213d-458b-a83/global/firewalls/ubuntu-vm-allow-ssh",
            "source_ranges": [
              "0.0.0.0/0"
            ],
            "source_service_accounts": [],
            "source_tags": [],
            "target_service_accounts": [],
            "target_tags": [
              "ssh-access"
            ],
            "timeouts": null
          },
          "sensitive_attributes": [],
          "identity_schema_version": 0,
          "private": "eyJlMmJmYjczMC1lY2FhLTExZTYtOGY4OC0zNDM2M2JjN2M0YzAiOnsiY3JlYXRlIjoxMjAwMDAwMDAwMDAwLCJkZWxldGUiOjEyMDAwMDAwMDAwMDAsInVwZGF0ZSI6MTIwMDAwMDAwMDAwMH0sInNjaGVtYV92ZXJzaW9uIjoiMSJ9"
        }
      ]
    },
    {
      "mode": "managed",
      "type": "google_compute_instance",
      "name": "ubuntu",
      "provider": "provider[\"registry.terraform.io/hashicorp/google\"]",
      "instances": [
        {
          "schema_version": 6,
          "attributes": {
            "advanced_machine_features": [],
            "allow_stopping_for_update": true,
            "attached_disk": [],
            "boot_disk": [
              {
                "auto_delete": true,
                "device_name": "persistent-disk-0",
                "disk_encryption_key_raw": "",
                "disk_encryption_key_sha256": "",
                "initialize_params": [
                  {
                    "enable_confidential_compute": false,
                    "image": "https://www.googleapis.com/compute/v1/projects/ubuntu-os-cloud/global/images/ubuntu-2204-jammy-v20260226",
                    "labels": {},
                    "provisioned_iops": 0,
                    "provisioned_throughput": 0,
                    "resource_manager_tags": {},
                    "size": 20,
                    "storage_pool": "",
                    "type": "pd-standard"
                  }
                ],
                "kms_key_self_link": "",
                "mode": "READ_WRITE",
                "source": "https://www.googleapis.com/compute/v1/projects/project-065701e7-213d-458b-a83/zones/asia-southeast2-a/disks/ubuntu-vm"
              }
            ],
            "can_ip_forward": false,
            "confidential_instance_config": [],
            "cpu_platform": "AMD Rome",
            "current_status": "RUNNING",
            "deletion_protection": false,
            "description": "Ubuntu 22.04 LTS VM — Jakarta",
            "desired_status": null,
            "effective_labels": {
              "environment": "dev",
              "managed-by": "terraform",
              "region": "jakarta"
            },
            "enable_display": false,
            "guest_accelerator": [],
            "hostname": "",
            "id": "projects/project-065701e7-213d-458b-a83/zones/asia-southeast2-a/instances/ubuntu-vm",
            "instance_id": "6052256853312267209",
            "label_fingerprint": "hOWdib-z5R0=",
            "labels": {
              "environment": "dev",
              "managed-by": "terraform",
              "region": "jakarta"
            },
            "machine_type": "e2-small",
            "metadata": {
              "enable-osconfig": "true",
              "serial-port-enable": "false",
              "ssh-keys": "ubuntu:ssh-rsa AAAAB3NzaC1yc2EAAAADAQABAAABAQCwyDUIlyvDeyJJCU5NlhEtcsVP7AauLOGXJeMcaXS2ZEuR+x/xRcWGNK+M4F66BjvD5uiUM96PfmsyOPX2bXhJjcYE7mgog8KZtmMp7Ovzt03aFpfjQRTBsnQPfw4ZOkOqOpr2ewLM9Ph9r674LckDBBqf9ce9+nSQRcN7pk5OjCDuK2JyWEw2ARgdPpvE3Eh4gJSlryr9BhilY4TAPx3w2rAIA5+D2qfSgAoM1Tntfw3XS2nqZJk9Wn7rksFxK9l1fbf8SpHpbvuXZXsv88leBMRvisQKw0EXZW5qra89i3j/Ip+VTXbc0i4CfVS972bs7Yd8Pn0ZBk/1oNbjsKYL jenkins@devjenkins01.loyalto.id\r\n"
            },
            "metadata_fingerprint": "JdNudTY11z4=",
            "metadata_startup_script": "#!/bin/bash\nset -e\napt-get update -qq\napt-get install -y -qq curl wget git vim htop net-tools\necho \"✅ VM setup complete: $(hostname) at $(date)\" \u003e\u003e /var/log/startup.log\n",
            "min_cpu_platform": "",
            "name": "ubuntu-vm",
            "network_interface": [
              {
                "access_config": [
                  {
                    "nat_ip": "35.219.24.139",
                    "network_tier": "STANDARD",
                    "public_ptr_domain_name": ""
                  }
                ],
                "alias_ip_range": [],
                "internal_ipv6_prefix_length": 0,
                "ipv6_access_config": [],
                "ipv6_access_type": "",
                "ipv6_address": "",
                "name": "nic0",
                "network": "https://www.googleapis.com/compute/v1/projects/project-065701e7-213d-458b-a83/global/networks/gke-vpc",
                "network_ip": "10.0.0.9",
                "nic_type": "",
                "queue_count": 0,
                "stack_type": "IPV4_ONLY",
                "subnetwork": "https://www.googleapis.com/compute/v1/projects/project-065701e7-213d-458b-a83/regions/asia-southeast2/subnetworks/gke-subnet",
                "subnetwork_project": "project-065701e7-213d-458b-a83"
              }
            ],
            "network_performance_config": [],
            "params": [],
            "project": "project-065701e7-213d-458b-a83",
            "reservation_affinity": [],
            "resource_policies": [],
            "scheduling": [
              {
                "automatic_restart": true,
                "instance_termination_action": "",
                "local_ssd_recovery_timeout": [],
                "max_run_duration": [],
                "min_node_cpus": 0,
                "node_affinities": [],
                "on_host_maintenance": "MIGRATE",
                "on_instance_stop_action": [],
                "preemptible": false,
                "provisioning_model": "STANDARD"
              }
            ],
            "scratch_disk": [],
            "self_link": "https://www.googleapis.com/compute/v1/projects/project-065701e7-213d-458b-a83/zones/asia-southeast2-a/instances/ubuntu-vm",
            "service_account": [
              {
                "email": "769195710608-compute@developer.gserviceaccount.com",
                "scopes": [
                  "https://www.googleapis.com/auth/cloud-platform"
                ]
              }
            ],
            "shielded_instance_config": [
              {
                "enable_integrity_monitoring": true,
                "enable_secure_boot": false,
                "enable_vtpm": true
              }
            ],
            "tags": [
              "ssh-access"
            ],
            "tags_fingerprint": "UN_d4GsYhqM=",
            "terraform_labels": {
              "environment": "dev",
              "managed-by": "terraform",
              "region": "jakarta"
            },
            "timeouts": null,
            "zone": "asia-southeast2-a"
          },
          "sensitive_attributes": [
            [
              {
                "type": "get_attr",
                "value": "boot_disk"
              },
              {
                "type": "index",
                "value": {
                  "value": 0,
                  "type": "number"
                }
              },
              {
                "type": "get_attr",
                "value": "disk_encryption_key_raw"
              }
            ]
          ],
          "identity_schema_version": 0,
          "private": "eyJlMmJmYjczMC1lY2FhLTExZTYtOGY4OC0zNDM2M2JjN2M0YzAiOnsiY3JlYXRlIjoxMjAwMDAwMDAwMDAwLCJkZWxldGUiOjEyMDAwMDAwMDAwMDAsInVwZGF0ZSI6MTIwMDAwMDAwMDAwMH0sInNjaGVtYV92ZXJzaW9uIjoiNiJ9",
          "dependencies": [
            "data.google_compute_image.ubuntu"
          ]
        }
      ]
    }
  ],
  "check_results": null
}
